// !$*UTF8*$!
{
	archiveVersion = 1;
	classes = {
	};
	objectVersion = 46;
	objects = {

/* Begin PBXBuildFile section */
		85DBC7531D36AB7B00E7FE09 /* AppDelegate.swift in Sources */ = {isa = PBXBuildFile; fileRef = 85DBC7521D36AB7B00E7FE09 /* AppDelegate.swift */; };
		85DBC7551D36AB7B00E7FE09 /* GameScene.sks in Resources */ = {isa = PBXBuildFile; fileRef = 85DBC7541D36AB7B00E7FE09 /* GameScene.sks */; };
		85DBC7571D36AB7B00E7FE09 /* GameScene.swift in Sources */ = {isa = PBXBuildFile; fileRef = 85DBC7561D36AB7B00E7FE09 /* GameScene.swift */; };
		85DBC7591D36AB7B00E7FE09 /* GameViewController.swift in Sources */ = {isa = PBXBuildFile; fileRef = 85DBC7581D36AB7B00E7FE09 /* GameViewController.swift */; };
		85DBC75C1D36AB7B00E7FE09 /* Main.storyboard in Resources */ = {isa = PBXBuildFile; fileRef = 85DBC75A1D36AB7B00E7FE09 /* Main.storyboard */; };
		85DBC75E1D36AB7B00E7FE09 /* Assets.xcassets in Resources */ = {isa = PBXBuildFile; fileRef = 85DBC75D1D36AB7B00E7FE09 /* Assets.xcassets */; };
		85DBC7611D36AB7B00E7FE09 /* LaunchScreen.storyboard in Resources */ = {isa = PBXBuildFile; fileRef = 85DBC75F1D36AB7B00E7FE09 /* LaunchScreen.storyboard */; };
		85DBC76B1D36AD9C00E7FE09 /* pop.wav in Resources */ = {isa = PBXBuildFile; fileRef = 85DBC7691D36AD9C00E7FE09 /* pop.wav */; };
		85DBC76C1D36AD9C00E7FE09 /* success.mp3 in Resources */ = {isa = PBXBuildFile; fileRef = 85DBC76A1D36AD9C00E7FE09 /* success.mp3 */; };
		85DBC76E1D36ADA200E7FE09 /* pop2.wav in Resources */ = {isa = PBXBuildFile; fileRef = 85DBC76D1D36ADA200E7FE09 /* pop2.wav */; };
		85DBC7701D36ADCF00E7FE09 /* MSButtonNode.swift in Sources */ = {isa = PBXBuildFile; fileRef = 85DBC76F1D36ADCF00E7FE09 /* MSButtonNode.swift */; };
		85DBC7721D36ADFF00E7FE09 /* MSReferenceNode.swift in Sources */ = {isa = PBXBuildFile; fileRef = 85DBC7711D36ADFF00E7FE09 /* MSReferenceNode.swift */; };
		85DBC7761D36AE8400E7FE09 /* Ball.swift in Sources */ = {isa = PBXBuildFile; fileRef = 85DBC7751D36AE8400E7FE09 /* Ball.swift */; };
		85DBC7781D36AECC00E7FE09 /* MainScene.swift in Sources */ = {isa = PBXBuildFile; fileRef = 85DBC7771D36AECC00E7FE09 /* MainScene.swift */; };
		85DBC77A1D36AED900E7FE09 /* EndScene.swift in Sources */ = {isa = PBXBuildFile; fileRef = 85DBC7791D36AED900E7FE09 /* EndScene.swift */; };
		85DBC77C1D36AEE800E7FE09 /* MainScene.sks in Resources */ = {isa = PBXBuildFile; fileRef = 85DBC77B1D36AEE800E7FE09 /* MainScene.sks */; };
		85DBC77E1D36AEF500E7FE09 /* EndScene.sks in Resources */ = {isa = PBXBuildFile; fileRef = 85DBC77D1D36AEF500E7FE09 /* EndScene.sks */; };
		85DBC7801D36B57000E7FE09 /* CGFloat+Extensions.swift in Sources */ = {isa = PBXBuildFile; fileRef = 85DBC77F1D36B57000E7FE09 /* CGFloat+Extensions.swift */; };
/* End PBXBuildFile section */

/* Begin PBXFileReference section */
		85DBC74F1D36AB7A00E7FE09 /* Reflectx.app */ = {isa = PBXFileReference; explicitFileType = wrapper.application; includeInIndex = 0; path = Reflectx.app; sourceTree = BUILT_PRODUCTS_DIR; };
		85DBC7521D36AB7B00E7FE09 /* AppDelegate.swift */ = {isa = PBXFileReference; lastKnownFileType = sourcecode.swift; path = AppDelegate.swift; sourceTree = "<group>"; };
		85DBC7541D36AB7B00E7FE09 /* GameScene.sks */ = {isa = PBXFileReference; lastKnownFileType = file.sks; path = GameScene.sks; sourceTree = "<group>"; };
		85DBC7561D36AB7B00E7FE09 /* GameScene.swift */ = {isa = PBXFileReference; lastKnownFileType = sourcecode.swift; path = GameScene.swift; sourceTree = "<group>"; };
		85DBC7581D36AB7B00E7FE09 /* GameViewController.swift */ = {isa = PBXFileReference; lastKnownFileType = sourcecode.swift; path = GameViewController.swift; sourceTree = "<group>"; };
		85DBC75B1D36AB7B00E7FE09 /* Base */ = {isa = PBXFileReference; lastKnownFileType = file.storyboard; name = Base; path = Base.lproj/Main.storyboard; sourceTree = "<group>"; };
		85DBC75D1D36AB7B00E7FE09 /* Assets.xcassets */ = {isa = PBXFileReference; lastKnownFileType = folder.assetcatalog; path = Assets.xcassets; sourceTree = "<group>"; };
		85DBC7601D36AB7B00E7FE09 /* Base */ = {isa = PBXFileReference; lastKnownFileType = file.storyboard; name = Base; path = Base.lproj/LaunchScreen.storyboard; sourceTree = "<group>"; };
		85DBC7621D36AB7B00E7FE09 /* Info.plist */ = {isa = PBXFileReference; lastKnownFileType = text.plist.xml; path = Info.plist; sourceTree = "<group>"; };
		85DBC7691D36AD9C00E7FE09 /* pop.wav */ = {isa = PBXFileReference; lastKnownFileType = audio.wav; path = pop.wav; sourceTree = "<group>"; };
		85DBC76A1D36AD9C00E7FE09 /* success.mp3 */ = {isa = PBXFileReference; lastKnownFileType = audio.mp3; path = success.mp3; sourceTree = "<group>"; };
		85DBC76D1D36ADA200E7FE09 /* pop2.wav */ = {isa = PBXFileReference; lastKnownFileType = audio.wav; path = pop2.wav; sourceTree = "<group>"; };
		85DBC76F1D36ADCF00E7FE09 /* MSButtonNode.swift */ = {isa = PBXFileReference; fileEncoding = 4; lastKnownFileType = sourcecode.swift; name = MSButtonNode.swift; path = ../MSButtonNode.swift; sourceTree = "<group>"; };
		85DBC7711D36ADFF00E7FE09 /* MSReferenceNode.swift */ = {isa = PBXFileReference; fileEncoding = 4; lastKnownFileType = sourcecode.swift; path = MSReferenceNode.swift; sourceTree = "<group>"; };
		85DBC7751D36AE8400E7FE09 /* Ball.swift */ = {isa = PBXFileReference; fileEncoding = 4; lastKnownFileType = sourcecode.swift; path = Ball.swift; sourceTree = "<group>"; };
		85DBC7771D36AECC00E7FE09 /* MainScene.swift */ = {isa = PBXFileReference; fileEncoding = 4; lastKnownFileType = sourcecode.swift; path = MainScene.swift; sourceTree = "<group>"; };
		85DBC7791D36AED900E7FE09 /* EndScene.swift */ = {isa = PBXFileReference; fileEncoding = 4; lastKnownFileType = sourcecode.swift; path = EndScene.swift; sourceTree = "<group>"; };
		85DBC77B1D36AEE800E7FE09 /* MainScene.sks */ = {isa = PBXFileReference; lastKnownFileType = file.sks; path = MainScene.sks; sourceTree = "<group>"; };
		85DBC77D1D36AEF500E7FE09 /* EndScene.sks */ = {isa = PBXFileReference; lastKnownFileType = file.sks; path = EndScene.sks; sourceTree = "<group>"; };
		85DBC77F1D36B57000E7FE09 /* CGFloat+Extensions.swift */ = {isa = PBXFileReference; fileEncoding = 4; lastKnownFileType = sourcecode.swift; path = "CGFloat+Extensions.swift"; sourceTree = "<group>"; };
/* End PBXFileReference section */

/* Begin PBXFrameworksBuildPhase section */
		85DBC74C1D36AB7A00E7FE09 /* Frameworks */ = {
			isa = PBXFrameworksBuildPhase;
			buildActionMask = 2147483647;
			files = (
			);
			runOnlyForDeploymentPostprocessing = 0;
		};
/* End PBXFrameworksBuildPhase section */

/* Begin PBXGroup section */
		85DBC7461D36AB7A00E7FE09 = {
			isa = PBXGroup;
			children = (
				85DBC7511D36AB7B00E7FE09 /* Reflectx */,
				85DBC7501D36AB7A00E7FE09 /* Products */,
			);
			sourceTree = "<group>";
		};
		85DBC7501D36AB7A00E7FE09 /* Products */ = {
			isa = PBXGroup;
			children = (
				85DBC74F1D36AB7A00E7FE09 /* Reflectx.app */,
			);
			name = Products;
			sourceTree = "<group>";
		};
		85DBC7511D36AB7B00E7FE09 /* Reflectx */ = {
			isa = PBXGroup;
			children = (
				85DBC7681D36AD6800E7FE09 /* Sounds */,
				85DBC75D1D36AB7B00E7FE09 /* Assets.xcassets */,
				85DBC76F1D36ADCF00E7FE09 /* MSButtonNode.swift */,
				85DBC7711D36ADFF00E7FE09 /* MSReferenceNode.swift */,
				85DBC77F1D36B57000E7FE09 /* CGFloat+Extensions.swift */,
				85DBC7521D36AB7B00E7FE09 /* AppDelegate.swift */,
				85DBC7751D36AE8400E7FE09 /* Ball.swift */,
				85DBC7541D36AB7B00E7FE09 /* GameScene.sks */,
				85DBC7561D36AB7B00E7FE09 /* GameScene.swift */,
				85DBC7581D36AB7B00E7FE09 /* GameViewController.swift */,
				85DBC77B1D36AEE800E7FE09 /* MainScene.sks */,
				85DBC7771D36AECC00E7FE09 /* MainScene.swift */,
				85DBC77D1D36AEF500E7FE09 /* EndScene.sks */,
				85DBC7791D36AED900E7FE09 /* EndScene.swift */,
				85DBC75A1D36AB7B00E7FE09 /* Main.storyboard */,
				85DBC75F1D36AB7B00E7FE09 /* LaunchScreen.storyboard */,
				85DBC7621D36AB7B00E7FE09 /* Info.plist */,
			);
			path = Reflectx;
			sourceTree = "<group>";
		};
		85DBC7681D36AD6800E7FE09 /* Sounds */ = {
			isa = PBXGroup;
			children = (
				85DBC7691D36AD9C00E7FE09 /* pop.wav */,
				85DBC76D1D36ADA200E7FE09 /* pop2.wav */,
				85DBC76A1D36AD9C00E7FE09 /* success.mp3 */,
			);
			name = Sounds;
			sourceTree = "<group>";
		};
/* End PBXGroup section */

/* Begin PBXNativeTarget section */
		85DBC74E1D36AB7A00E7FE09 /* Reflectx */ = {
			isa = PBXNativeTarget;
			buildConfigurationList = 85DBC7651D36AB7B00E7FE09 /* Build configuration list for PBXNativeTarget "Reflectx" */;
			buildPhases = (
				85DBC74B1D36AB7A00E7FE09 /* Sources */,
				85DBC74C1D36AB7A00E7FE09 /* Frameworks */,
				85DBC74D1D36AB7A00E7FE09 /* Resources */,
			);
			buildRules = (
			);
			dependencies = (
			);
			name = Reflectx;
			productName = Reflectx;
			productReference = 85DBC74F1D36AB7A00E7FE09 /* Reflectx.app */;
			productType = "com.apple.product-type.application";
		};
/* End PBXNativeTarget section */

/* Begin PBXProject section */
		85DBC7471D36AB7A00E7FE09 /* Project object */ = {
			isa = PBXProject;
			attributes = {
				LastSwiftUpdateCheck = 0730;
				LastUpgradeCheck = 0730;
				ORGANIZATIONNAME = Jacky;
				TargetAttributes = {
					85DBC74E1D36AB7A00E7FE09 = {
						CreatedOnToolsVersion = 7.3.1;
					};
				};
			};
			buildConfigurationList = 85DBC74A1D36AB7A00E7FE09 /* Build configuration list for PBXProject "Reflectx" */;
			compatibilityVersion = "Xcode 3.2";
			developmentRegion = English;
			hasScannedForEncodings = 0;
			knownRegions = (
				en,
				Base,
			);
			mainGroup = 85DBC7461D36AB7A00E7FE09;
			productRefGroup = 85DBC7501D36AB7A00E7FE09 /* Products */;
			projectDirPath = "";
			projectRoot = "";
			targets = (
				85DBC74E1D36AB7A00E7FE09 /* Reflectx */,
			);
		};
/* End PBXProject section */

/* Begin PBXResourcesBuildPhase section */
		85DBC74D1D36AB7A00E7FE09 /* Resources */ = {
			isa = PBXResourcesBuildPhase;
			buildActionMask = 2147483647;
			files = (
				85DBC77E1D36AEF500E7FE09 /* EndScene.sks in Resources */,
				85DBC7551D36AB7B00E7FE09 /* GameScene.sks in Resources */,
				85DBC7611D36AB7B00E7FE09 /* LaunchScreen.storyboard in Resources */,
				85DBC76B1D36AD9C00E7FE09 /* pop.wav in Resources */,
				85DBC76E1D36ADA200E7FE09 /* pop2.wav in Resources */,
				85DBC75E1D36AB7B00E7FE09 /* Assets.xcassets in Resources */,
				85DBC76C1D36AD9C00E7FE09 /* success.mp3 in Resources */,
				85DBC75C1D36AB7B00E7FE09 /* Main.storyboard in Resources */,
				85DBC77C1D36AEE800E7FE09 /* MainScene.sks in Resources */,
			);
			runOnlyForDeploymentPostprocessing = 0;
		};
/* End PBXResourcesBuildPhase section */

/* Begin PBXSourcesBuildPhase section */
		85DBC74B1D36AB7A00E7FE09 /* Sources */ = {
			isa = PBXSourcesBuildPhase;
			buildActionMask = 2147483647;
			files = (
				85DBC7761D36AE8400E7FE09 /* Ball.swift in Sources */,
				85DBC7801D36B57000E7FE09 /* CGFloat+Extensions.swift in Sources */,
				85DBC7571D36AB7B00E7FE09 /* GameScene.swift in Sources */,
				85DBC7591D36AB7B00E7FE09 /* GameViewController.swift in Sources */,
				85DBC7781D36AECC00E7FE09 /* MainScene.swift in Sources */,
				85DBC7531D36AB7B00E7FE09 /* AppDelegate.swift in Sources */,
				85DBC7721D36ADFF00E7FE09 /* MSReferenceNode.swift in Sources */,
				85DBC77A1D36AED900E7FE09 /* EndScene.swift in Sources */,
				85DBC7701D36ADCF00E7FE09 /* MSButtonNode.swift in Sources */,
			);
			runOnlyForDeploymentPostprocessing = 0;
		};
/* End PBXSourcesBuildPhase section */

/* Begin PBXVariantGroup section */
		85DBC75A1D36AB7B00E7FE09 /* Main.storyboard */ = {
			isa = PBXVariantGroup;
			children = (
				85DBC75B1D36AB7B00E7FE09 /* Base */,
			);
			name = Main.storyboard;
			sourceTree = "<group>";
		};
		85DBC75F1D36AB7B00E7FE09 /* LaunchScreen.storyboard */ = {
			isa = PBXVariantGroup;
			children = (
				85DBC7601D36AB7B00E7FE09 /* Base */,
			);
			name = LaunchScreen.storyboard;
			sourceTree = "<group>";
		};
/* End PBXVariantGroup section */

/* Begin XCBuildConfiguration section */
		85DBC7631D36AB7B00E7FE09 /* Debug */ = {
			isa = XCBuildConfiguration;
			buildSettings = {
				ALWAYS_SEARCH_USER_PATHS = NO;
				CLANG_ANALYZER_NONNULL = YES;
				CLANG_CXX_LANGUAGE_STANDARD = "gnu++0x";
				CLANG_CXX_LIBRARY = "libc++";
				CLANG_ENABLE_MODULES = YES;
				CLANG_ENABLE_OBJC_ARC = YES;
				CLANG_WARN_BOOL_CONVERSION = YES;
				CLANG_WARN_CONSTANT_CONVERSION = YES;
				CLANG_WARN_DIRECT_OBJC_ISA_USAGE = YES_ERROR;
				CLANG_WARN_EMPTY_BODY = YES;
				CLANG_WARN_ENUM_CONVERSION = YES;
				CLANG_WARN_INT_CONVERSION = YES;
				CLANG_WARN_OBJC_ROOT_CLASS = YES_ERROR;
				CLANG_WARN_UNREACHABLE_CODE = YES;
				CLANG_WARN__DUPLICATE_METHOD_MATCH = YES;
				"CODE_SIGN_IDENTITY[sdk=iphoneos*]" = "iPhone Developer";
				COPY_PHASE_STRIP = NO;
				DEBUG_INFORMATION_FORMAT = "dwarf-with-dsym";
				ENABLE_STRICT_OBJC_MSGSEND = YES;
				ENABLE_TESTABILITY = YES;
				GCC_C_LANGUAGE_STANDARD = gnu99;
				GCC_DYNAMIC_NO_PIC = NO;
				GCC_NO_COMMON_BLOCKS = YES;
				GCC_OPTIMIZATION_LEVEL = 0;
				GCC_PREPROCESSOR_DEFINITIONS = (
					"DEBUG=1",
					"$(inherited)",
				);
				GCC_WARN_64_TO_32_BIT_CONVERSION = YES;
				GCC_WARN_ABOUT_RETURN_TYPE = YES_ERROR;
				GCC_WARN_UNDECLARED_SELECTOR = YES;
				GCC_WARN_UNINITIALIZED_AUTOS = YES_AGGRESSIVE;
				GCC_WARN_UNUSED_FUNCTION = YES;
				GCC_WARN_UNUSED_VARIABLE = YES;
				IPHONEOS_DEPLOYMENT_TARGET = 9.3;
				MTL_ENABLE_DEBUG_INFO = YES;
				ONLY_ACTIVE_ARCH = YES;
				SDKROOT = iphoneos;
				SWIFT_OPTIMIZATION_LEVEL = "-Onone";
			};
			name = Debug;
		};
		85DBC7641D36AB7B00E7FE09 /* Release */ = {
			isa = XCBuildConfiguration;
			buildSettings = {
				ALWAYS_SEARCH_USER_PATHS = NO;
				CLANG_ANALYZER_NONNULL = YES;
				CLANG_CXX_LANGUAGE_STANDARD = "gnu++0x";
				CLANG_CXX_LIBRARY = "libc++";
				CLANG_ENABLE_MODULES = YES;
				CLANG_ENABLE_OBJC_ARC = YES;
				CLANG_WARN_BOOL_CONVERSION = YES;
				CLANG_WARN_CONSTANT_CONVERSION = YES;
				CLANG_WARN_DIRECT_OBJC_ISA_USAGE = YES_ERROR;
				CLANG_WARN_EMPTY_BODY = YES;
				CLANG_WARN_ENUM_CONVERSION = YES;
				CLANG_WARN_INT_CONVERSION = YES;
				CLANG_WARN_OBJC_ROOT_CLASS = YES_ERROR;
				CLANG_WARN_UNREACHABLE_CODE = YES;
				CLANG_WARN__DUPLICATE_METHOD_MATCH = YES;
				"CODE_SIGN_IDENTITY[sdk=iphoneos*]" = "iPhone Developer";
				COPY_PHASE_STRIP = NO;
				DEBUG_INFORMATION_FORMAT = "dwarf-with-dsym";
				ENABLE_NS_ASSERTIONS = NO;
				ENABLE_STRICT_OBJC_MSGSEND = YES;
				GCC_C_LANGUAGE_STANDARD = gnu99;
				GCC_NO_COMMON_BLOCKS = YES;
				GCC_WARN_64_TO_32_BIT_CONVERSION = YES;
				GCC_WARN_ABOUT_RETURN_TYPE = YES_ERROR;
				GCC_WARN_UNDECLARED_SELECTOR = YES;
				GCC_WARN_UNINITIALIZED_AUTOS = YES_AGGRESSIVE;
				GCC_WARN_UNUSED_FUNCTION = YES;
				GCC_WARN_UNUSED_VARIABLE = YES;
				IPHONEOS_DEPLOYMENT_TARGET = 9.3;
				MTL_ENABLE_DEBUG_INFO = NO;
				SDKROOT = iphoneos;
				VALIDATE_PRODUCT = YES;
			};
			name = Release;
		};
		85DBC7661D36AB7B00E7FE09 /* Debug */ = {
			isa = XCBuildConfiguration;
			buildSettings = {
				ASSETCATALOG_COMPILER_APPICON_NAME = AppIcon;
				INFOPLIST_FILE = Reflectx/Info.plist;
				LD_RUNPATH_SEARCH_PATHS = "$(inherited) @executable_path/Frameworks";
				PRODUCT_BUNDLE_IDENTIFIER = com.jacky.Reflectx;
				PRODUCT_NAME = "$(TARGET_NAME)";
			};
			name = Debug;
		};
		85DBC7671D36AB7B00E7FE09 /* Release */ = {
			isa = XCBuildConfiguration;
			buildSettings = {
				ASSETCATALOG_COMPILER_APPICON_NAME = AppIcon;
				INFOPLIST_FILE = Reflectx/Info.plist;
				LD_RUNPATH_SEARCH_PATHS = "$(inherited) @executable_path/Frameworks";
				PRODUCT_BUNDLE_IDENTIFIER = com.jacky.Reflectx;
				PRODUCT_NAME = "$(TARGET_NAME)";
			};
			name = Release;
		};
/* End XCBuildConfiguration section */

/* Begin XCConfigurationList section */
		85DBC74A1D36AB7A00E7FE09 /* Build configuration list for PBXProject "Reflectx" */ = {
			isa = XCConfigurationList;
			buildConfigurations = (
				85DBC7631D36AB7B00E7FE09 /* Debug */,
				85DBC7641D36AB7B00E7FE09 /* Release */,
			);
			defaultConfigurationIsVisible = 0;
			defaultConfigurationName = Release;
		};
		85DBC7651D36AB7B00E7FE09 /* Build configuration list for PBXNativeTarget "Reflectx" */ = {
			isa = XCConfigurationList;
			buildConfigurations = (
				85DBC7661D36AB7B00E7FE09 /* Debug */,
				85DBC7671D36AB7B00E7FE09 /* Release */,
			);
			defaultConfigurationIsVisible = 0;
			defaultConfigurationName = Release;
		};
/* End XCConfigurationList section */
	};
	rootObject = 85DBC7471D36AB7A00E7FE09 /* Project object */;
}
